PODS:
  - DSControls (0.1.0):
    - DSControls/Animations (= 0.1.0)
    - DSControls/Controls (= 0.1.0)
  - DSControls/Animations (0.1.0)
  - DSControls/Controls (0.1.0)

DEPENDENCIES:
  - DSControls (from `../`)

EXTERNAL SOURCES:
  DSControls:
    :path: "../"

SPEC CHECKSUMS:
  DSControls: 083139f4876d1913c987cbc0dbd44714d1d12167

PODFILE CHECKSUM: 75aa54b298623a3b03b54c149df417582e485518

COCOAPODS: 1.5.0
