PODS:
  - DSControls (0.1.0):
    - DSControls/Animations (= 0.1.0)
    - DSControls/Controls (= 0.1.0)
  - DSControls/Animations (0.1.0)
  - DSControls/Controls (0.1.0)

DEPENDENCIES:
  - DSControls (from `../`)

EXTERNAL SOURCES:
  DSControls:
    :path: "../"

SPEC CHECKSUMS:
  DSControls: afcad922bb01ac63e716f90922c5efe8e7e1dace

PODFILE CHECKSUM: 75aa54b298623a3b03b54c149df417582e485518

COCOAPODS: 1.5.0
